
Microsoft Visual Studio Solution File, Format Version 12.00
# Visual Studio 14
VisualStudioVersion = 14.0.24720.0
MinimumVisualStudioVersion = 10.0.40219.1
Project("{8BC9CEB8-8B4A-11D0-8D11-00A0C91BC942}") = "Romeo_Project1", "Romeo_Project1\Romeo_Project1.vcxproj", "{CB473B3B-6414-44E6-AE09-CAD4640BE13E}"
EndProject
Global
	GlobalSection(SolutionConfigurationPlatforms) = preSolution
		Debug|x64 = Debug|x64
		Debug|x86 = Debug|x86
		Release|x64 = Release|x64
		Release|x86 = Release|x86
		Upload|x64 = Upload|x64
		Upload|x86 = Upload|x86
	EndGlobalSection
	GlobalSection(ProjectConfigurationPlatforms) = postSolution
		{CB473B3B-6414-44E6-AE09-CAD4640BE13E}.Debug|x64.ActiveCfg = Debug|x64
		{CB473B3B-6414-44E6-AE09-CAD4640BE13E}.Debug|x64.Build.0 = Debug|x64
		{CB473B3B-6414-44E6-AE09-CAD4640BE13E}.Debug|x86.ActiveCfg = Debug|Win32
		{CB473B3B-6414-44E6-AE09-CAD4640BE13E}.Debug|x86.Build.0 = Debug|Win32
		{CB473B3B-6414-44E6-AE09-CAD4640BE13E}.Release|x64.ActiveCfg = Release|x64
		{CB473B3B-6414-44E6-AE09-CAD4640BE13E}.Release|x64.Build.0 = Release|x64
		{CB473B3B-6414-44E6-AE09-CAD4640BE13E}.Release|x86.ActiveCfg = Release|Win32
		{CB473B3B-6414-44E6-AE09-CAD4640BE13E}.Release|x86.Build.0 = Release|Win32
		{CB473B3B-6414-44E6-AE09-CAD4640BE13E}.Upload|x64.ActiveCfg = Upload|x64
		{CB473B3B-6414-44E6-AE09-CAD4640BE13E}.Upload|x64.Build.0 = Upload|x64
		{CB473B3B-6414-44E6-AE09-CAD4640BE13E}.Upload|x86.ActiveCfg = Upload|Win32
		{CB473B3B-6414-44E6-AE09-CAD4640BE13E}.Upload|x86.Build.0 = Upload|Win32
	EndGlobalSection
	GlobalSection(SolutionProperties) = preSolution
		HideSolutionNode = FALSE
	EndGlobalSection
EndGlobal
